
Microsoft Visual Studio Solution File, Format Version 12.00
# Visual Studio Version 17
VisualStudioVersion = 17.2.32602.215
MinimumVisualStudioVersion = 10.0.40219.1
Project("{2150E333-8FDC-42A3-9474-1A3956D46DE8}") = "Services", "Services", "{863069AC-6FB0-4564-8069-9F106FC839D6}"
EndProject
Project("{2150E333-8FDC-42A3-9474-1A3956D46DE8}") = "Catalog", "Catalog", "{477CC22D-65D1-49FE-B18A-74A177769BFC}"
EndProject
Project("{9A19103F-16F7-4668-BE54-9A1E7A4F7556}") = "Catalog.API", "Services\Catalog\Catalog.API\Catalog.API.csproj", "{DDCBB61E-A32D-4C4E-936D-06872A476F5B}"
EndProject
Project("{E53339B2-1760-4266-BCC7-CA923CBCF16C}") = "docker-compose", "docker-compose.dcproj", "{56A220C2-A087-4687-80B9-97E068141B88}"
EndProject
Project("{2150E333-8FDC-42A3-9474-1A3956D46DE8}") = "Basket", "Basket", "{9033D33B-A9FD-46C5-8E43-871817436129}"
EndProject
Project("{9A19103F-16F7-4668-BE54-9A1E7A4F7556}") = "BasketAPI", "Services\Basket\BasketAPI\BasketAPI.csproj", "{D1E1013F-40F4-4B57-AC3D-DC81EDCD1E57}"
EndProject
Project("{2150E333-8FDC-42A3-9474-1A3956D46DE8}") = "Discount", "Discount", "{9D3CD50A-1055-468B-A0F3-DC5EA8496C4D}"
EndProject
Project("{9A19103F-16F7-4668-BE54-9A1E7A4F7556}") = "DiscountAPI", "Services\Discount\DiscountAPI\DiscountAPI.csproj", "{9CDCB2FB-D78B-4022-8FF3-953F9D8BE2A5}"
EndProject
Project("{9A19103F-16F7-4668-BE54-9A1E7A4F7556}") = "DiscountGrpc", "Services\Discount\DiscountGrpc\DiscountGrpc.csproj", "{89532686-99E4-4595-9ED7-30DE7E653C7B}"
EndProject
Project("{2150E333-8FDC-42A3-9474-1A3956D46DE8}") = "Ordering", "Ordering", "{9E632928-E30B-4409-8A2E-A49EE9FA6460}"
EndProject
Project("{9A19103F-16F7-4668-BE54-9A1E7A4F7556}") = "OrderingAPI", "Services\Ordering\OrderingAPI\OrderingAPI.csproj", "{818954A9-B758-4F77-B42D-08B3E7DEF356}"
EndProject
Project("{9A19103F-16F7-4668-BE54-9A1E7A4F7556}") = "OrderingDomain", "Services\Ordering\OrderingDomain\OrderingDomain.csproj", "{3414E508-6E91-4B08-8ED5-7AF49E94A57E}"
EndProject
Project("{9A19103F-16F7-4668-BE54-9A1E7A4F7556}") = "OrderingApplication", "Services\Ordering\OrderingApplication\OrderingApplication.csproj", "{E679EBF1-A620-4677-9015-0156E796CEC8}"
EndProject
Project("{9A19103F-16F7-4668-BE54-9A1E7A4F7556}") = "OrderingInfrastructure", "Services\Ordering\OrderingInfrastructure\OrderingInfrastructure.csproj", "{A9BED642-14A4-49E5-A30A-F3369F3A2F55}"
EndProject
Project("{2150E333-8FDC-42A3-9474-1A3956D46DE8}") = "BuildingBlocks", "BuildingBlocks", "{96E73D6E-E1BF-4805-ABCD-1036185566A0}"
EndProject
Project("{9A19103F-16F7-4668-BE54-9A1E7A4F7556}") = "EventBus.Messages", "BuildingBlocks\EvenBus.Messages\EventBus.Messages.csproj", "{A353119E-D719-409F-884A-02CD1C65B939}"
EndProject
Project("{2150E333-8FDC-42A3-9474-1A3956D46DE8}") = "ApiGateways", "ApiGateways", "{1FB01907-6C42-4AFE-BD24-2FE230250108}"
EndProject
Project("{9A19103F-16F7-4668-BE54-9A1E7A4F7556}") = "OcelotApiGetaway", "ApiGateways\OcelotApiGetaway\OcelotApiGetaway.csproj", "{1E2492F1-ED85-4379-A2A3-9C2CCEA0B7E7}"
EndProject
Project("{FAE04EC0-301F-11D3-BF4B-00C04F79EFBC}") = "ShoppingAggregator", "ApiGateways\ShoppingAggregator\ShoppingAggregator.csproj", "{C9E0BA8E-94AB-4814-9550-524F4473BC28}"
EndProject
Global
	GlobalSection(SolutionConfigurationPlatforms) = preSolution
		Debug|Any CPU = Debug|Any CPU
		Release|Any CPU = Release|Any CPU
	EndGlobalSection
	GlobalSection(ProjectConfigurationPlatforms) = postSolution
		{DDCBB61E-A32D-4C4E-936D-06872A476F5B}.Debug|Any CPU.ActiveCfg = Debug|Any CPU
		{DDCBB61E-A32D-4C4E-936D-06872A476F5B}.Debug|Any CPU.Build.0 = Debug|Any CPU
		{DDCBB61E-A32D-4C4E-936D-06872A476F5B}.Release|Any CPU.ActiveCfg = Release|Any CPU
		{DDCBB61E-A32D-4C4E-936D-06872A476F5B}.Release|Any CPU.Build.0 = Release|Any CPU
		{56A220C2-A087-4687-80B9-97E068141B88}.Debug|Any CPU.ActiveCfg = Debug|Any CPU
		{56A220C2-A087-4687-80B9-97E068141B88}.Debug|Any CPU.Build.0 = Debug|Any CPU
		{56A220C2-A087-4687-80B9-97E068141B88}.Release|Any CPU.ActiveCfg = Release|Any CPU
		{56A220C2-A087-4687-80B9-97E068141B88}.Release|Any CPU.Build.0 = Release|Any CPU
		{D1E1013F-40F4-4B57-AC3D-DC81EDCD1E57}.Debug|Any CPU.ActiveCfg = Debug|Any CPU
		{D1E1013F-40F4-4B57-AC3D-DC81EDCD1E57}.Debug|Any CPU.Build.0 = Debug|Any CPU
		{D1E1013F-40F4-4B57-AC3D-DC81EDCD1E57}.Release|Any CPU.ActiveCfg = Release|Any CPU
		{D1E1013F-40F4-4B57-AC3D-DC81EDCD1E57}.Release|Any CPU.Build.0 = Release|Any CPU
		{9CDCB2FB-D78B-4022-8FF3-953F9D8BE2A5}.Debug|Any CPU.ActiveCfg = Debug|Any CPU
		{9CDCB2FB-D78B-4022-8FF3-953F9D8BE2A5}.Debug|Any CPU.Build.0 = Debug|Any CPU
		{9CDCB2FB-D78B-4022-8FF3-953F9D8BE2A5}.Release|Any CPU.ActiveCfg = Release|Any CPU
		{9CDCB2FB-D78B-4022-8FF3-953F9D8BE2A5}.Release|Any CPU.Build.0 = Release|Any CPU
		{89532686-99E4-4595-9ED7-30DE7E653C7B}.Debug|Any CPU.ActiveCfg = Debug|Any CPU
		{89532686-99E4-4595-9ED7-30DE7E653C7B}.Debug|Any CPU.Build.0 = Debug|Any CPU
		{89532686-99E4-4595-9ED7-30DE7E653C7B}.Release|Any CPU.ActiveCfg = Release|Any CPU
		{89532686-99E4-4595-9ED7-30DE7E653C7B}.Release|Any CPU.Build.0 = Release|Any CPU
		{818954A9-B758-4F77-B42D-08B3E7DEF356}.Debug|Any CPU.ActiveCfg = Debug|Any CPU
		{818954A9-B758-4F77-B42D-08B3E7DEF356}.Debug|Any CPU.Build.0 = Debug|Any CPU
		{818954A9-B758-4F77-B42D-08B3E7DEF356}.Release|Any CPU.ActiveCfg = Release|Any CPU
		{818954A9-B758-4F77-B42D-08B3E7DEF356}.Release|Any CPU.Build.0 = Release|Any CPU
		{3414E508-6E91-4B08-8ED5-7AF49E94A57E}.Debug|Any CPU.ActiveCfg = Debug|Any CPU
		{3414E508-6E91-4B08-8ED5-7AF49E94A57E}.Debug|Any CPU.Build.0 = Debug|Any CPU
		{3414E508-6E91-4B08-8ED5-7AF49E94A57E}.Release|Any CPU.ActiveCfg = Release|Any CPU
		{3414E508-6E91-4B08-8ED5-7AF49E94A57E}.Release|Any CPU.Build.0 = Release|Any CPU
		{E679EBF1-A620-4677-9015-0156E796CEC8}.Debug|Any CPU.ActiveCfg = Debug|Any CPU
		{E679EBF1-A620-4677-9015-0156E796CEC8}.Debug|Any CPU.Build.0 = Debug|Any CPU
		{E679EBF1-A620-4677-9015-0156E796CEC8}.Release|Any CPU.ActiveCfg = Release|Any CPU
		{E679EBF1-A620-4677-9015-0156E796CEC8}.Release|Any CPU.Build.0 = Release|Any CPU
		{A9BED642-14A4-49E5-A30A-F3369F3A2F55}.Debug|Any CPU.ActiveCfg = Debug|Any CPU
		{A9BED642-14A4-49E5-A30A-F3369F3A2F55}.Debug|Any CPU.Build.0 = Debug|Any CPU
		{A9BED642-14A4-49E5-A30A-F3369F3A2F55}.Release|Any CPU.ActiveCfg = Release|Any CPU
		{A9BED642-14A4-49E5-A30A-F3369F3A2F55}.Release|Any CPU.Build.0 = Release|Any CPU
		{A353119E-D719-409F-884A-02CD1C65B939}.Debug|Any CPU.ActiveCfg = Debug|Any CPU
		{A353119E-D719-409F-884A-02CD1C65B939}.Debug|Any CPU.Build.0 = Debug|Any CPU
		{A353119E-D719-409F-884A-02CD1C65B939}.Release|Any CPU.ActiveCfg = Release|Any CPU
		{A353119E-D719-409F-884A-02CD1C65B939}.Release|Any CPU.Build.0 = Release|Any CPU
		{1E2492F1-ED85-4379-A2A3-9C2CCEA0B7E7}.Debug|Any CPU.ActiveCfg = Debug|Any CPU
		{1E2492F1-ED85-4379-A2A3-9C2CCEA0B7E7}.Debug|Any CPU.Build.0 = Debug|Any CPU
		{1E2492F1-ED85-4379-A2A3-9C2CCEA0B7E7}.Release|Any CPU.ActiveCfg = Release|Any CPU
		{1E2492F1-ED85-4379-A2A3-9C2CCEA0B7E7}.Release|Any CPU.Build.0 = Release|Any CPU
		{C9E0BA8E-94AB-4814-9550-524F4473BC28}.Debug|Any CPU.ActiveCfg = Debug|Any CPU
		{C9E0BA8E-94AB-4814-9550-524F4473BC28}.Debug|Any CPU.Build.0 = Debug|Any CPU
		{C9E0BA8E-94AB-4814-9550-524F4473BC28}.Release|Any CPU.ActiveCfg = Release|Any CPU
		{C9E0BA8E-94AB-4814-9550-524F4473BC28}.Release|Any CPU.Build.0 = Release|Any CPU
	EndGlobalSection
	GlobalSection(SolutionProperties) = preSolution
		HideSolutionNode = FALSE
	EndGlobalSection
	GlobalSection(NestedProjects) = preSolution
		{477CC22D-65D1-49FE-B18A-74A177769BFC} = {863069AC-6FB0-4564-8069-9F106FC839D6}
		{DDCBB61E-A32D-4C4E-936D-06872A476F5B} = {477CC22D-65D1-49FE-B18A-74A177769BFC}
		{9033D33B-A9FD-46C5-8E43-871817436129} = {863069AC-6FB0-4564-8069-9F106FC839D6}
		{D1E1013F-40F4-4B57-AC3D-DC81EDCD1E57} = {9033D33B-A9FD-46C5-8E43-871817436129}
		{9D3CD50A-1055-468B-A0F3-DC5EA8496C4D} = {863069AC-6FB0-4564-8069-9F106FC839D6}
		{9CDCB2FB-D78B-4022-8FF3-953F9D8BE2A5} = {9D3CD50A-1055-468B-A0F3-DC5EA8496C4D}
		{89532686-99E4-4595-9ED7-30DE7E653C7B} = {9D3CD50A-1055-468B-A0F3-DC5EA8496C4D}
		{9E632928-E30B-4409-8A2E-A49EE9FA6460} = {863069AC-6FB0-4564-8069-9F106FC839D6}
		{818954A9-B758-4F77-B42D-08B3E7DEF356} = {9E632928-E30B-4409-8A2E-A49EE9FA6460}
		{3414E508-6E91-4B08-8ED5-7AF49E94A57E} = {9E632928-E30B-4409-8A2E-A49EE9FA6460}
		{E679EBF1-A620-4677-9015-0156E796CEC8} = {9E632928-E30B-4409-8A2E-A49EE9FA6460}
		{A9BED642-14A4-49E5-A30A-F3369F3A2F55} = {9E632928-E30B-4409-8A2E-A49EE9FA6460}
		{A353119E-D719-409F-884A-02CD1C65B939} = {96E73D6E-E1BF-4805-ABCD-1036185566A0}
		{1E2492F1-ED85-4379-A2A3-9C2CCEA0B7E7} = {1FB01907-6C42-4AFE-BD24-2FE230250108}
		{C9E0BA8E-94AB-4814-9550-524F4473BC28} = {1FB01907-6C42-4AFE-BD24-2FE230250108}
	EndGlobalSection
	GlobalSection(ExtensibilityGlobals) = postSolution
		SolutionGuid = {BC9568F6-8E53-4C79-845C-B96B688C3F6D}
	EndGlobalSection
EndGlobal
